
Microsoft Visual Studio Solution File, Format Version 12.00
Project("{FAE04EC0-301F-11D3-BF4B-00C04F79EFBC}") = "AOC_1", "AOC_1\AOC_1.csproj", "{1681053A-295F-4587-B35C-ABC752F66F2C}"
EndProject
Project("{2150E333-8FDC-42A3-9474-1A3956D46DE8}") = "Problems", "Problems", "{827F52E4-D52A-4D4E-9D77-18E50CF62F91}"
EndProject
Project("{2150E333-8FDC-42A3-9474-1A3956D46DE8}") = "Tests", "Tests", "{46E45193-2C5F-4F06-97FB-18BA8A6BEA46}"
EndProject
Project("{FAE04EC0-301F-11D3-BF4B-00C04F79EFBC}") = "Aoc1_Tests", "Aoc1_Tests\Aoc1_Tests.csproj", "{9172E09C-FEF1-402F-890B-AFFEBCBAE904}"
EndProject
Project("{FAE04EC0-301F-11D3-BF4B-00C04F79EFBC}") = "AOC_1B", "AOC_1B\AOC_1B.csproj", "{DA2FF1DA-38E8-49F4-9A54-AE24074160C8}"
EndProject
Project("{FAE04EC0-301F-11D3-BF4B-00C04F79EFBC}") = "Aoc1B_tests", "Aoc1B_tests\Aoc1B_tests.csproj", "{A926D8CD-ECF1-44FE-B693-540270BFE8AE}"
EndProject
Project("{FAE04EC0-301F-11D3-BF4B-00C04F79EFBC}") = "AOC_2", "AOC_2\AOC_2.csproj", "{711DB325-1BC0-4A5A-973B-0193E2780F57}"
EndProject
Project("{FAE04EC0-301F-11D3-BF4B-00C04F79EFBC}") = "Aoc2_Tests", "Aoc2_Tests\Aoc2_Tests.csproj", "{24EFE569-B936-400D-9271-518D531D0076}"
EndProject
Project("{2150E333-8FDC-42A3-9474-1A3956D46DE8}") = "Shared", "Shared", "{4BB35526-8FAA-45CB-A4BE-DF1964ECA612}"
EndProject
Project("{FAE04EC0-301F-11D3-BF4B-00C04F79EFBC}") = "Extensions", "Extensions\Extensions.csproj", "{044C2426-4B53-4AF7-96D4-F4B49DA763D6}"
EndProject
Project("{FAE04EC0-301F-11D3-BF4B-00C04F79EFBC}") = "AOC_2B", "AOC_2B\AOC_2B.csproj", "{E449CB1D-C23D-4A71-8983-F88859D808E9}"
EndProject
Project("{2150E333-8FDC-42A3-9474-1A3956D46DE8}") = "AOC_01", "AOC_01", "{F9594297-5DB5-441C-852D-1F0385120CCF}"
EndProject
Project("{2150E333-8FDC-42A3-9474-1A3956D46DE8}") = "AOC_02", "AOC_02", "{E2BE0174-B8CD-4F75-9FF7-2C55857DF63B}"
EndProject
Project("{2150E333-8FDC-42A3-9474-1A3956D46DE8}") = "AOC_01", "AOC_01", "{845846BB-5CBC-42E8-8782-DA785936D63B}"
EndProject
Project("{2150E333-8FDC-42A3-9474-1A3956D46DE8}") = "AOC_02", "AOC_02", "{D635DCE3-C049-4DC3-B5BF-FBDC636A9184}"
EndProject
Project("{FAE04EC0-301F-11D3-BF4B-00C04F79EFBC}") = "AOC_02B_Tests", "AOC_02B_Tests\AOC_02B_Tests.csproj", "{9865EA92-ECFF-45A6-92D6-3E2B2DD25EB8}"
EndProject
Project("{2150E333-8FDC-42A3-9474-1A3956D46DE8}") = "AOC_03", "AOC_03", "{ED16DA3F-AD62-40B0-914C-0003D7304DD7}"
EndProject
Project("{FAE04EC0-301F-11D3-BF4B-00C04F79EFBC}") = "AOC_03A", "AOC_03A\AOC_03A.csproj", "{7E55837F-F543-4BB2-9E89-A0EF0B4B5121}"
EndProject
Project("{2150E333-8FDC-42A3-9474-1A3956D46DE8}") = "AOC_03", "AOC_03", "{623023CB-C3A3-43BB-B4C1-B7C869D4AC98}"
EndProject
Project("{FAE04EC0-301F-11D3-BF4B-00C04F79EFBC}") = "AOC_03A_Tests", "AOC_03A_Tests\AOC_03A_Tests.csproj", "{0A72C85D-88E4-4BA4-ABB8-BBB90C59DF02}"
EndProject
Global
	GlobalSection(SolutionConfigurationPlatforms) = preSolution
		Debug|Any CPU = Debug|Any CPU
		Release|Any CPU = Release|Any CPU
	EndGlobalSection
	GlobalSection(ProjectConfigurationPlatforms) = postSolution
		{1681053A-295F-4587-B35C-ABC752F66F2C}.Debug|Any CPU.ActiveCfg = Debug|Any CPU
		{1681053A-295F-4587-B35C-ABC752F66F2C}.Debug|Any CPU.Build.0 = Debug|Any CPU
		{1681053A-295F-4587-B35C-ABC752F66F2C}.Release|Any CPU.ActiveCfg = Release|Any CPU
		{1681053A-295F-4587-B35C-ABC752F66F2C}.Release|Any CPU.Build.0 = Release|Any CPU
		{9172E09C-FEF1-402F-890B-AFFEBCBAE904}.Debug|Any CPU.ActiveCfg = Debug|Any CPU
		{9172E09C-FEF1-402F-890B-AFFEBCBAE904}.Debug|Any CPU.Build.0 = Debug|Any CPU
		{9172E09C-FEF1-402F-890B-AFFEBCBAE904}.Release|Any CPU.ActiveCfg = Release|Any CPU
		{9172E09C-FEF1-402F-890B-AFFEBCBAE904}.Release|Any CPU.Build.0 = Release|Any CPU
		{DA2FF1DA-38E8-49F4-9A54-AE24074160C8}.Debug|Any CPU.ActiveCfg = Debug|Any CPU
		{DA2FF1DA-38E8-49F4-9A54-AE24074160C8}.Debug|Any CPU.Build.0 = Debug|Any CPU
		{DA2FF1DA-38E8-49F4-9A54-AE24074160C8}.Release|Any CPU.ActiveCfg = Release|Any CPU
		{DA2FF1DA-38E8-49F4-9A54-AE24074160C8}.Release|Any CPU.Build.0 = Release|Any CPU
		{A926D8CD-ECF1-44FE-B693-540270BFE8AE}.Debug|Any CPU.ActiveCfg = Debug|Any CPU
		{A926D8CD-ECF1-44FE-B693-540270BFE8AE}.Debug|Any CPU.Build.0 = Debug|Any CPU
		{A926D8CD-ECF1-44FE-B693-540270BFE8AE}.Release|Any CPU.ActiveCfg = Release|Any CPU
		{A926D8CD-ECF1-44FE-B693-540270BFE8AE}.Release|Any CPU.Build.0 = Release|Any CPU
		{711DB325-1BC0-4A5A-973B-0193E2780F57}.Debug|Any CPU.ActiveCfg = Debug|Any CPU
		{711DB325-1BC0-4A5A-973B-0193E2780F57}.Debug|Any CPU.Build.0 = Debug|Any CPU
		{711DB325-1BC0-4A5A-973B-0193E2780F57}.Release|Any CPU.ActiveCfg = Release|Any CPU
		{711DB325-1BC0-4A5A-973B-0193E2780F57}.Release|Any CPU.Build.0 = Release|Any CPU
		{24EFE569-B936-400D-9271-518D531D0076}.Debug|Any CPU.ActiveCfg = Debug|Any CPU
		{24EFE569-B936-400D-9271-518D531D0076}.Debug|Any CPU.Build.0 = Debug|Any CPU
		{24EFE569-B936-400D-9271-518D531D0076}.Release|Any CPU.ActiveCfg = Release|Any CPU
		{24EFE569-B936-400D-9271-518D531D0076}.Release|Any CPU.Build.0 = Release|Any CPU
		{044C2426-4B53-4AF7-96D4-F4B49DA763D6}.Debug|Any CPU.ActiveCfg = Debug|Any CPU
		{044C2426-4B53-4AF7-96D4-F4B49DA763D6}.Debug|Any CPU.Build.0 = Debug|Any CPU
		{044C2426-4B53-4AF7-96D4-F4B49DA763D6}.Release|Any CPU.ActiveCfg = Release|Any CPU
		{044C2426-4B53-4AF7-96D4-F4B49DA763D6}.Release|Any CPU.Build.0 = Release|Any CPU
		{E449CB1D-C23D-4A71-8983-F88859D808E9}.Debug|Any CPU.ActiveCfg = Debug|Any CPU
		{E449CB1D-C23D-4A71-8983-F88859D808E9}.Debug|Any CPU.Build.0 = Debug|Any CPU
		{E449CB1D-C23D-4A71-8983-F88859D808E9}.Release|Any CPU.ActiveCfg = Release|Any CPU
		{E449CB1D-C23D-4A71-8983-F88859D808E9}.Release|Any CPU.Build.0 = Release|Any CPU
		{9865EA92-ECFF-45A6-92D6-3E2B2DD25EB8}.Debug|Any CPU.ActiveCfg = Debug|Any CPU
		{9865EA92-ECFF-45A6-92D6-3E2B2DD25EB8}.Debug|Any CPU.Build.0 = Debug|Any CPU
		{9865EA92-ECFF-45A6-92D6-3E2B2DD25EB8}.Release|Any CPU.ActiveCfg = Release|Any CPU
		{9865EA92-ECFF-45A6-92D6-3E2B2DD25EB8}.Release|Any CPU.Build.0 = Release|Any CPU
		{7E55837F-F543-4BB2-9E89-A0EF0B4B5121}.Debug|Any CPU.ActiveCfg = Debug|Any CPU
		{7E55837F-F543-4BB2-9E89-A0EF0B4B5121}.Debug|Any CPU.Build.0 = Debug|Any CPU
		{7E55837F-F543-4BB2-9E89-A0EF0B4B5121}.Release|Any CPU.ActiveCfg = Release|Any CPU
		{7E55837F-F543-4BB2-9E89-A0EF0B4B5121}.Release|Any CPU.Build.0 = Release|Any CPU
		{0A72C85D-88E4-4BA4-ABB8-BBB90C59DF02}.Debug|Any CPU.ActiveCfg = Debug|Any CPU
		{0A72C85D-88E4-4BA4-ABB8-BBB90C59DF02}.Debug|Any CPU.Build.0 = Debug|Any CPU
		{0A72C85D-88E4-4BA4-ABB8-BBB90C59DF02}.Release|Any CPU.ActiveCfg = Release|Any CPU
		{0A72C85D-88E4-4BA4-ABB8-BBB90C59DF02}.Release|Any CPU.Build.0 = Release|Any CPU
	EndGlobalSection
	GlobalSection(NestedProjects) = preSolution
		{044C2426-4B53-4AF7-96D4-F4B49DA763D6} = {4BB35526-8FAA-45CB-A4BE-DF1964ECA612}
		{F9594297-5DB5-441C-852D-1F0385120CCF} = {827F52E4-D52A-4D4E-9D77-18E50CF62F91}
		{1681053A-295F-4587-B35C-ABC752F66F2C} = {F9594297-5DB5-441C-852D-1F0385120CCF}
		{DA2FF1DA-38E8-49F4-9A54-AE24074160C8} = {F9594297-5DB5-441C-852D-1F0385120CCF}
		{E2BE0174-B8CD-4F75-9FF7-2C55857DF63B} = {827F52E4-D52A-4D4E-9D77-18E50CF62F91}
		{711DB325-1BC0-4A5A-973B-0193E2780F57} = {E2BE0174-B8CD-4F75-9FF7-2C55857DF63B}
		{E449CB1D-C23D-4A71-8983-F88859D808E9} = {E2BE0174-B8CD-4F75-9FF7-2C55857DF63B}
		{845846BB-5CBC-42E8-8782-DA785936D63B} = {46E45193-2C5F-4F06-97FB-18BA8A6BEA46}
		{9172E09C-FEF1-402F-890B-AFFEBCBAE904} = {845846BB-5CBC-42E8-8782-DA785936D63B}
		{A926D8CD-ECF1-44FE-B693-540270BFE8AE} = {845846BB-5CBC-42E8-8782-DA785936D63B}
		{D635DCE3-C049-4DC3-B5BF-FBDC636A9184} = {46E45193-2C5F-4F06-97FB-18BA8A6BEA46}
		{24EFE569-B936-400D-9271-518D531D0076} = {D635DCE3-C049-4DC3-B5BF-FBDC636A9184}
		{9865EA92-ECFF-45A6-92D6-3E2B2DD25EB8} = {D635DCE3-C049-4DC3-B5BF-FBDC636A9184}
		{ED16DA3F-AD62-40B0-914C-0003D7304DD7} = {827F52E4-D52A-4D4E-9D77-18E50CF62F91}
		{7E55837F-F543-4BB2-9E89-A0EF0B4B5121} = {ED16DA3F-AD62-40B0-914C-0003D7304DD7}
		{623023CB-C3A3-43BB-B4C1-B7C869D4AC98} = {46E45193-2C5F-4F06-97FB-18BA8A6BEA46}
		{0A72C85D-88E4-4BA4-ABB8-BBB90C59DF02} = {623023CB-C3A3-43BB-B4C1-B7C869D4AC98}
	EndGlobalSection
EndGlobal
